
Microsoft Visual Studio Solution File, Format Version 12.00
# Visual Studio Version 16
VisualStudioVersion = 16.0.32106.194
MinimumVisualStudioVersion = 10.0.40219.1
Project("{FAE04EC0-301F-11D3-BF4B-00C04F79EFBC}") = "PizzaStore2.0(UML1)", "PizzaStore2.0(UML1).csproj", "{86BC7C48-71E9-4128-B67D-F39B0242D4BB}"
EndProject
Global
	GlobalSection(SolutionConfigurationPlatforms) = preSolution
		Debug|Any CPU = Debug|Any CPU
		Release|Any CPU = Release|Any CPU
	EndGlobalSection
	GlobalSection(ProjectConfigurationPlatforms) = postSolution
		{86BC7C48-71E9-4128-B67D-F39B0242D4BB}.Debug|Any CPU.ActiveCfg = Debug|Any CPU
		{86BC7C48-71E9-4128-B67D-F39B0242D4BB}.Debug|Any CPU.Build.0 = Debug|Any CPU
		{86BC7C48-71E9-4128-B67D-F39B0242D4BB}.Release|Any CPU.ActiveCfg = Release|Any CPU
		{86BC7C48-71E9-4128-B67D-F39B0242D4BB}.Release|Any CPU.Build.0 = Release|Any CPU
	EndGlobalSection
	GlobalSection(SolutionProperties) = preSolution
		HideSolutionNode = FALSE
	EndGlobalSection
	GlobalSection(ExtensibilityGlobals) = postSolution
		SolutionGuid = {2D92F3BA-8402-432E-93E2-CCC06E217694}
	EndGlobalSection
EndGlobal
